
Microsoft Visual Studio Solution File, Format Version 12.00
# Visual Studio 15
VisualStudioVersion = 15.0.27428.2037
MinimumVisualStudioVersion = 10.0.40219.1
Project("{9A19103F-16F7-4668-BE54-9A1E7A4F7556}") = "gcbulkgrader", "src\gcbulkgrader.csproj", "{5222FABD-6CB0-44FE-AF2F-0CCB48F563F8}"
EndProject
Project("{9A19103F-16F7-4668-BE54-9A1E7A4F7556}") = "Google.Apis.Auth.AspMvcCore", "..\google-api-dotnet-client\Src\Support\Google.Apis.Auth.AspMvcCore\Google.Apis.Auth.AspMvcCore.csproj", "{52B08A6B-24F8-4E1C-B48B-C646C9A9CD96}"
EndProject
Global
	GlobalSection(SolutionConfigurationPlatforms) = preSolution
		Debug|Any CPU = Debug|Any CPU
		Release|Any CPU = Release|Any CPU
	EndGlobalSection
	GlobalSection(ProjectConfigurationPlatforms) = postSolution
		{5222FABD-6CB0-44FE-AF2F-0CCB48F563F8}.Debug|Any CPU.ActiveCfg = Debug|Any CPU
		{5222FABD-6CB0-44FE-AF2F-0CCB48F563F8}.Debug|Any CPU.Build.0 = Debug|Any CPU
		{5222FABD-6CB0-44FE-AF2F-0CCB48F563F8}.Release|Any CPU.ActiveCfg = Release|Any CPU
		{5222FABD-6CB0-44FE-AF2F-0CCB48F563F8}.Release|Any CPU.Build.0 = Release|Any CPU
		{52B08A6B-24F8-4E1C-B48B-C646C9A9CD96}.Debug|Any CPU.ActiveCfg = Debug|Any CPU
		{52B08A6B-24F8-4E1C-B48B-C646C9A9CD96}.Debug|Any CPU.Build.0 = Debug|Any CPU
		{52B08A6B-24F8-4E1C-B48B-C646C9A9CD96}.Release|Any CPU.ActiveCfg = Release|Any CPU
		{52B08A6B-24F8-4E1C-B48B-C646C9A9CD96}.Release|Any CPU.Build.0 = Release|Any CPU
	EndGlobalSection
	GlobalSection(SolutionProperties) = preSolution
		HideSolutionNode = FALSE
	EndGlobalSection
	GlobalSection(ExtensibilityGlobals) = postSolution
		SolutionGuid = {DB1A4833-5414-46EE-A37E-C802C30528B2}
	EndGlobalSection
EndGlobal
